
Microsoft Visual Studio Solution File, Format Version 12.00
# Visual Studio Version 16
VisualStudioVersion = 16.0.808.4
MinimumVisualStudioVersion = 10.0.40219.1
Project("{FAE04EC0-301F-11D3-BF4B-00C04F79EFBC}") = "Blazor101", "Blazor101\Blazor101.csproj", "{851FCF78-B9D0-4C42-AF68-FF580DD42759}"
EndProject
Project("{FAE04EC0-301F-11D3-BF4B-00C04F79EFBC}") = "SampleEmployeeProject", "SampleEmployeeProject\SampleEmployeeProject.csproj", "{84256EEB-A075-40B9-A383-C390462E2CED}"
EndProject
Project("{FAE04EC0-301F-11D3-BF4B-00C04F79EFBC}") = "SampleEmployeeProject.Models", "SampleEmployeeProject.Models\SampleEmployeeProject.Models.csproj", "{51BA2E11-983F-48A0-B3BE-12D12D0C3043}"
EndProject
Global
	GlobalSection(SolutionConfigurationPlatforms) = preSolution
		Debug|Any CPU = Debug|Any CPU
		Release|Any CPU = Release|Any CPU
	EndGlobalSection
	GlobalSection(ProjectConfigurationPlatforms) = postSolution
		{851FCF78-B9D0-4C42-AF68-FF580DD42759}.Debug|Any CPU.ActiveCfg = Debug|Any CPU
		{851FCF78-B9D0-4C42-AF68-FF580DD42759}.Debug|Any CPU.Build.0 = Debug|Any CPU
		{851FCF78-B9D0-4C42-AF68-FF580DD42759}.Release|Any CPU.ActiveCfg = Release|Any CPU
		{851FCF78-B9D0-4C42-AF68-FF580DD42759}.Release|Any CPU.Build.0 = Release|Any CPU
		{84256EEB-A075-40B9-A383-C390462E2CED}.Debug|Any CPU.ActiveCfg = Debug|Any CPU
		{84256EEB-A075-40B9-A383-C390462E2CED}.Debug|Any CPU.Build.0 = Debug|Any CPU
		{84256EEB-A075-40B9-A383-C390462E2CED}.Release|Any CPU.ActiveCfg = Release|Any CPU
		{84256EEB-A075-40B9-A383-C390462E2CED}.Release|Any CPU.Build.0 = Release|Any CPU
		{51BA2E11-983F-48A0-B3BE-12D12D0C3043}.Debug|Any CPU.ActiveCfg = Debug|Any CPU
		{51BA2E11-983F-48A0-B3BE-12D12D0C3043}.Debug|Any CPU.Build.0 = Debug|Any CPU
		{51BA2E11-983F-48A0-B3BE-12D12D0C3043}.Release|Any CPU.ActiveCfg = Release|Any CPU
		{51BA2E11-983F-48A0-B3BE-12D12D0C3043}.Release|Any CPU.Build.0 = Release|Any CPU
	EndGlobalSection
	GlobalSection(SolutionProperties) = preSolution
		HideSolutionNode = FALSE
	EndGlobalSection
	GlobalSection(ExtensibilityGlobals) = postSolution
		SolutionGuid = {EA400397-DD0D-4FC5-BF9D-9B7CB0F1DDEE}
	EndGlobalSection
EndGlobal
