
Microsoft Visual Studio Solution File, Format Version 12.00
# Visual Studio Version 16
VisualStudioVersion = 16.0.808.1
MinimumVisualStudioVersion = 10.0.40219.1
Project("{FAE04EC0-301F-11D3-BF4B-00C04F79EFBC}") = "getting_started", "getting_started\getting_started.csproj", "{C7160500-4570-4810-B6B8-0FC9D314848E}"
EndProject
Project("{FAE04EC0-301F-11D3-BF4B-00C04F79EFBC}") = "OOPS", "OOPS\OOPS.csproj", "{F3948137-69A1-4F6D-BC1A-FA83753CB9F2}"
EndProject
Global
	GlobalSection(SolutionConfigurationPlatforms) = preSolution
		Debug|Any CPU = Debug|Any CPU
		Release|Any CPU = Release|Any CPU
	EndGlobalSection
	GlobalSection(ProjectConfigurationPlatforms) = postSolution
		{C7160500-4570-4810-B6B8-0FC9D314848E}.Debug|Any CPU.ActiveCfg = Debug|Any CPU
		{C7160500-4570-4810-B6B8-0FC9D314848E}.Debug|Any CPU.Build.0 = Debug|Any CPU
		{C7160500-4570-4810-B6B8-0FC9D314848E}.Release|Any CPU.ActiveCfg = Release|Any CPU
		{C7160500-4570-4810-B6B8-0FC9D314848E}.Release|Any CPU.Build.0 = Release|Any CPU
		{F3948137-69A1-4F6D-BC1A-FA83753CB9F2}.Debug|Any CPU.ActiveCfg = Debug|Any CPU
		{F3948137-69A1-4F6D-BC1A-FA83753CB9F2}.Debug|Any CPU.Build.0 = Debug|Any CPU
		{F3948137-69A1-4F6D-BC1A-FA83753CB9F2}.Release|Any CPU.ActiveCfg = Release|Any CPU
		{F3948137-69A1-4F6D-BC1A-FA83753CB9F2}.Release|Any CPU.Build.0 = Release|Any CPU
	EndGlobalSection
	GlobalSection(SolutionProperties) = preSolution
		HideSolutionNode = FALSE
	EndGlobalSection
	GlobalSection(ExtensibilityGlobals) = postSolution
		SolutionGuid = {D704A2E0-C1A4-4A02-8AEF-418220CE6932}
	EndGlobalSection
EndGlobal
